
Microsoft Visual Studio Solution File, Format Version 12.00
# Visual Studio Version 17
VisualStudioVersion = 17.0.31903.59
MinimumVisualStudioVersion = 10.0.40219.1
Project("{FAE04EC0-301F-11D3-BF4B-00C04F79EFBC}") = "API", "API\API.csproj", "{8A26549E-1CD4-4B79-9A8C-26E9D4BE0EF8}"
EndProject
Project("{FAE04EC0-301F-11D3-BF4B-00C04F79EFBC}") = "Core", "Core\Core.csproj", "{126B9EE5-3C24-46FA-BBC7-CA4DAEFC27C3}"
EndProject
Project("{FAE04EC0-301F-11D3-BF4B-00C04F79EFBC}") = "Infrastructure", "Infrastructure\Infrastructure.csproj", "{DB479D01-8763-43A2-9C36-1C0AE9863FCD}"
EndProject
Global
	GlobalSection(SolutionConfigurationPlatforms) = preSolution
		Debug|Any CPU = Debug|Any CPU
		Release|Any CPU = Release|Any CPU
	EndGlobalSection
	GlobalSection(SolutionProperties) = preSolution
		HideSolutionNode = FALSE
	EndGlobalSection
	GlobalSection(ProjectConfigurationPlatforms) = postSolution
		{8A26549E-1CD4-4B79-9A8C-26E9D4BE0EF8}.Debug|Any CPU.ActiveCfg = Debug|Any CPU
		{8A26549E-1CD4-4B79-9A8C-26E9D4BE0EF8}.Debug|Any CPU.Build.0 = Debug|Any CPU
		{8A26549E-1CD4-4B79-9A8C-26E9D4BE0EF8}.Release|Any CPU.ActiveCfg = Release|Any CPU
		{8A26549E-1CD4-4B79-9A8C-26E9D4BE0EF8}.Release|Any CPU.Build.0 = Release|Any CPU
		{126B9EE5-3C24-46FA-BBC7-CA4DAEFC27C3}.Debug|Any CPU.ActiveCfg = Debug|Any CPU
		{126B9EE5-3C24-46FA-BBC7-CA4DAEFC27C3}.Debug|Any CPU.Build.0 = Debug|Any CPU
		{126B9EE5-3C24-46FA-BBC7-CA4DAEFC27C3}.Release|Any CPU.ActiveCfg = Release|Any CPU
		{126B9EE5-3C24-46FA-BBC7-CA4DAEFC27C3}.Release|Any CPU.Build.0 = Release|Any CPU
		{DB479D01-8763-43A2-9C36-1C0AE9863FCD}.Debug|Any CPU.ActiveCfg = Debug|Any CPU
		{DB479D01-8763-43A2-9C36-1C0AE9863FCD}.Debug|Any CPU.Build.0 = Debug|Any CPU
		{DB479D01-8763-43A2-9C36-1C0AE9863FCD}.Release|Any CPU.ActiveCfg = Release|Any CPU
		{DB479D01-8763-43A2-9C36-1C0AE9863FCD}.Release|Any CPU.Build.0 = Release|Any CPU
	EndGlobalSection
EndGlobal
